// !$*UTF8*$!
{
	archiveVersion = 1;
	classes = {
	};
	objectVersion = 46;
	objects = {

/* Begin PBXBuildFile section */
		CC2787BC7C7E372A5F29F894 /* Pods_SimpleTwitter.framework in Frameworks */ = {isa = PBXBuildFile; fileRef = 8E309FD2374CD7BD4F735381 /* Pods_SimpleTwitter.framework */; };
		CE5A964B1E9D6F30005205F5 /* AppDelegate.swift in Sources */ = {isa = PBXBuildFile; fileRef = CE5A964A1E9D6F30005205F5 /* AppDelegate.swift */; };
		CE5A96501E9D6F30005205F5 /* Main.storyboard in Resources */ = {isa = PBXBuildFile; fileRef = CE5A964E1E9D6F30005205F5 /* Main.storyboard */; };
		CE5A96521E9D6F30005205F5 /* Assets.xcassets in Resources */ = {isa = PBXBuildFile; fileRef = CE5A96511E9D6F30005205F5 /* Assets.xcassets */; };
		CE5A96551E9D6F30005205F5 /* LaunchScreen.storyboard in Resources */ = {isa = PBXBuildFile; fileRef = CE5A96531E9D6F30005205F5 /* LaunchScreen.storyboard */; };
		CE5A965D1E9D6FF2005205F5 /* LoginViewController.swift in Sources */ = {isa = PBXBuildFile; fileRef = CE5A965C1E9D6FF2005205F5 /* LoginViewController.swift */; };
		CE5A96831E9FE1D1005205F5 /* User.swift in Sources */ = {isa = PBXBuildFile; fileRef = CE5A96821E9FE1D1005205F5 /* User.swift */; };
		CE5A96851E9FEB8F005205F5 /* Tweet.swift in Sources */ = {isa = PBXBuildFile; fileRef = CE5A96841E9FEB8F005205F5 /* Tweet.swift */; };
		CE5A96881E9FF122005205F5 /* TwitterClient.swift in Sources */ = {isa = PBXBuildFile; fileRef = CE5A96871E9FF122005205F5 /* TwitterClient.swift */; };
		CE5A968A1EA00BBE005205F5 /* TweetsViewController.swift in Sources */ = {isa = PBXBuildFile; fileRef = CE5A96891EA00BBE005205F5 /* TweetsViewController.swift */; };
		CE5A968D1EA00EFE005205F5 /* TweetTableViewCell.swift in Sources */ = {isa = PBXBuildFile; fileRef = CE5A968C1EA00EFE005205F5 /* TweetTableViewCell.swift */; };
		CEBFC2801EA1952600002F15 /* README.md in Sources */ = {isa = PBXBuildFile; fileRef = CEBFC27F1EA1952600002F15 /* README.md */; };
		CEBFC2821EA19B9600002F15 /* OneTweetViewController.swift in Sources */ = {isa = PBXBuildFile; fileRef = CEBFC2811EA19B9600002F15 /* OneTweetViewController.swift */; };
		CEBFC2A41EA1DE7600002F15 /* OneTweetTableViewCell.swift in Sources */ = {isa = PBXBuildFile; fileRef = CEBFC2A31EA1DE7600002F15 /* OneTweetTableViewCell.swift */; };
		CEBFC2A61EA1E9CF00002F15 /* NewTweetViewController.swift in Sources */ = {isa = PBXBuildFile; fileRef = CEBFC2A51EA1E9CF00002F15 /* NewTweetViewController.swift */; };
		CEBFC2A81EA349BF00002F15 /* ReplyViewController.swift in Sources */ = {isa = PBXBuildFile; fileRef = CEBFC2A71EA349BF00002F15 /* ReplyViewController.swift */; };
		CEBFC2AC1EA493B600002F15 /* SimpleTwitter.gif in Resources */ = {isa = PBXBuildFile; fileRef = CEBFC2AB1EA493B600002F15 /* SimpleTwitter.gif */; };
		CEBFC2D61EA7E6EA00002F15 /* HamburgerViewController.swift in Sources */ = {isa = PBXBuildFile; fileRef = CEBFC2D51EA7E6EA00002F15 /* HamburgerViewController.swift */; };
		CEBFC2D81EA7E75B00002F15 /* MenuViewController.swift in Sources */ = {isa = PBXBuildFile; fileRef = CEBFC2D71EA7E75B00002F15 /* MenuViewController.swift */; };
		CEBFC2DA1EA7FCAF00002F15 /* ProfileViewController.swift in Sources */ = {isa = PBXBuildFile; fileRef = CEBFC2D91EA7FCAF00002F15 /* ProfileViewController.swift */; };
		CEBFC2DC1EA8021600002F15 /* MentionsViewController.swift in Sources */ = {isa = PBXBuildFile; fileRef = CEBFC2DB1EA8021600002F15 /* MentionsViewController.swift */; };
		CEBFC2DE1EA8021E00002F15 /* AccountsViewController.swift in Sources */ = {isa = PBXBuildFile; fileRef = CEBFC2DD1EA8021E00002F15 /* AccountsViewController.swift */; };
		CEBFC2FE1EA91DC600002F15 /* MenuTableViewCell.swift in Sources */ = {isa = PBXBuildFile; fileRef = CEBFC2FD1EA91DC600002F15 /* MenuTableViewCell.swift */; };
		CEBFC3011EA94E3800002F15 /* BaseTweetTableViewCell.swift in Sources */ = {isa = PBXBuildFile; fileRef = CEBFC2FF1EA94E3800002F15 /* BaseTweetTableViewCell.swift */; };
		CEBFC3021EA94E3800002F15 /* BaseTweetTableViewCell.xib in Resources */ = {isa = PBXBuildFile; fileRef = CEBFC3001EA94E3800002F15 /* BaseTweetTableViewCell.xib */; };
		CEBFC3041EA953A800002F15 /* ProfileTableViewCell.swift in Sources */ = {isa = PBXBuildFile; fileRef = CEBFC3031EA953A800002F15 /* ProfileTableViewCell.swift */; };
		CEBFC3081EAC681D00002F15 /* AccountTableViewCell.swift in Sources */ = {isa = PBXBuildFile; fileRef = CEBFC3071EAC681D00002F15 /* AccountTableViewCell.swift */; };
		CEBFC30C1EADCE9600002F15 /* SimpleTwitterRedux.gif in Resources */ = {isa = PBXBuildFile; fileRef = CEBFC30B1EADCE9600002F15 /* SimpleTwitterRedux.gif */; };
/* End PBXBuildFile section */

/* Begin PBXFileReference section */
		8E309FD2374CD7BD4F735381 /* Pods_SimpleTwitter.framework */ = {isa = PBXFileReference; explicitFileType = wrapper.framework; includeInIndex = 0; path = Pods_SimpleTwitter.framework; sourceTree = BUILT_PRODUCTS_DIR; };
		A2579ED4C0CB78D4184F2317 /* Pods-SimpleTwitter.release.xcconfig */ = {isa = PBXFileReference; includeInIndex = 1; lastKnownFileType = text.xcconfig; name = "Pods-SimpleTwitter.release.xcconfig"; path = "Pods/Target Support Files/Pods-SimpleTwitter/Pods-SimpleTwitter.release.xcconfig"; sourceTree = "<group>"; };
		CE5A96471E9D6F30005205F5 /* SimpleTwitter.app */ = {isa = PBXFileReference; explicitFileType = wrapper.application; includeInIndex = 0; path = SimpleTwitter.app; sourceTree = BUILT_PRODUCTS_DIR; };
		CE5A964A1E9D6F30005205F5 /* AppDelegate.swift */ = {isa = PBXFileReference; lastKnownFileType = sourcecode.swift; path = AppDelegate.swift; sourceTree = "<group>"; };
		CE5A964F1E9D6F30005205F5 /* Base */ = {isa = PBXFileReference; lastKnownFileType = file.storyboard; name = Base; path = Base.lproj/Main.storyboard; sourceTree = "<group>"; };
		CE5A96511E9D6F30005205F5 /* Assets.xcassets */ = {isa = PBXFileReference; lastKnownFileType = folder.assetcatalog; path = Assets.xcassets; sourceTree = "<group>"; };
		CE5A96541E9D6F30005205F5 /* Base */ = {isa = PBXFileReference; lastKnownFileType = file.storyboard; name = Base; path = Base.lproj/LaunchScreen.storyboard; sourceTree = "<group>"; };
		CE5A96561E9D6F30005205F5 /* Info.plist */ = {isa = PBXFileReference; lastKnownFileType = text.plist.xml; path = Info.plist; sourceTree = "<group>"; };
		CE5A965C1E9D6FF2005205F5 /* LoginViewController.swift */ = {isa = PBXFileReference; fileEncoding = 4; lastKnownFileType = sourcecode.swift; path = LoginViewController.swift; sourceTree = "<group>"; };
		CE5A96821E9FE1D1005205F5 /* User.swift */ = {isa = PBXFileReference; fileEncoding = 4; lastKnownFileType = sourcecode.swift; path = User.swift; sourceTree = "<group>"; };
		CE5A96841E9FEB8F005205F5 /* Tweet.swift */ = {isa = PBXFileReference; fileEncoding = 4; lastKnownFileType = sourcecode.swift; path = Tweet.swift; sourceTree = "<group>"; };
		CE5A96871E9FF122005205F5 /* TwitterClient.swift */ = {isa = PBXFileReference; fileEncoding = 4; lastKnownFileType = sourcecode.swift; path = TwitterClient.swift; sourceTree = "<group>"; };
		CE5A96891EA00BBE005205F5 /* TweetsViewController.swift */ = {isa = PBXFileReference; fileEncoding = 4; lastKnownFileType = sourcecode.swift; path = TweetsViewController.swift; sourceTree = "<group>"; };
		CE5A968C1EA00EFE005205F5 /* TweetTableViewCell.swift */ = {isa = PBXFileReference; fileEncoding = 4; lastKnownFileType = sourcecode.swift; path = TweetTableViewCell.swift; sourceTree = "<group>"; };
		CEBFC27F1EA1952600002F15 /* README.md */ = {isa = PBXFileReference; fileEncoding = 4; lastKnownFileType = net.daringfireball.markdown; path = README.md; sourceTree = "<group>"; };
		CEBFC2811EA19B9600002F15 /* OneTweetViewController.swift */ = {isa = PBXFileReference; fileEncoding = 4; lastKnownFileType = sourcecode.swift; path = OneTweetViewController.swift; sourceTree = "<group>"; };
		CEBFC2A31EA1DE7600002F15 /* OneTweetTableViewCell.swift */ = {isa = PBXFileReference; fileEncoding = 4; lastKnownFileType = sourcecode.swift; path = OneTweetTableViewCell.swift; sourceTree = "<group>"; };
		CEBFC2A51EA1E9CF00002F15 /* NewTweetViewController.swift */ = {isa = PBXFileReference; fileEncoding = 4; lastKnownFileType = sourcecode.swift; path = NewTweetViewController.swift; sourceTree = "<group>"; };
		CEBFC2A71EA349BF00002F15 /* ReplyViewController.swift */ = {isa = PBXFileReference; fileEncoding = 4; lastKnownFileType = sourcecode.swift; path = ReplyViewController.swift; sourceTree = "<group>"; };
		CEBFC2AB1EA493B600002F15 /* SimpleTwitter.gif */ = {isa = PBXFileReference; lastKnownFileType = image.gif; path = SimpleTwitter.gif; sourceTree = "<group>"; };
		CEBFC2D51EA7E6EA00002F15 /* HamburgerViewController.swift */ = {isa = PBXFileReference; fileEncoding = 4; lastKnownFileType = sourcecode.swift; path = HamburgerViewController.swift; sourceTree = "<group>"; };
		CEBFC2D71EA7E75B00002F15 /* MenuViewController.swift */ = {isa = PBXFileReference; fileEncoding = 4; lastKnownFileType = sourcecode.swift; path = MenuViewController.swift; sourceTree = "<group>"; };
		CEBFC2D91EA7FCAF00002F15 /* ProfileViewController.swift */ = {isa = PBXFileReference; fileEncoding = 4; lastKnownFileType = sourcecode.swift; path = ProfileViewController.swift; sourceTree = "<group>"; };
		CEBFC2DB1EA8021600002F15 /* MentionsViewController.swift */ = {isa = PBXFileReference; fileEncoding = 4; lastKnownFileType = sourcecode.swift; path = MentionsViewController.swift; sourceTree = "<group>"; };
		CEBFC2DD1EA8021E00002F15 /* AccountsViewController.swift */ = {isa = PBXFileReference; fileEncoding = 4; lastKnownFileType = sourcecode.swift; path = AccountsViewController.swift; sourceTree = "<group>"; };
		CEBFC2FD1EA91DC600002F15 /* MenuTableViewCell.swift */ = {isa = PBXFileReference; fileEncoding = 4; lastKnownFileType = sourcecode.swift; path = MenuTableViewCell.swift; sourceTree = "<group>"; };
		CEBFC2FF1EA94E3800002F15 /* BaseTweetTableViewCell.swift */ = {isa = PBXFileReference; fileEncoding = 4; lastKnownFileType = sourcecode.swift; path = BaseTweetTableViewCell.swift; sourceTree = "<group>"; };
		CEBFC3001EA94E3800002F15 /* BaseTweetTableViewCell.xib */ = {isa = PBXFileReference; fileEncoding = 4; lastKnownFileType = file.xib; path = BaseTweetTableViewCell.xib; sourceTree = "<group>"; };
		CEBFC3031EA953A800002F15 /* ProfileTableViewCell.swift */ = {isa = PBXFileReference; fileEncoding = 4; lastKnownFileType = sourcecode.swift; path = ProfileTableViewCell.swift; sourceTree = "<group>"; };
		CEBFC3071EAC681D00002F15 /* AccountTableViewCell.swift */ = {isa = PBXFileReference; fileEncoding = 4; lastKnownFileType = sourcecode.swift; path = AccountTableViewCell.swift; sourceTree = "<group>"; };
		CEBFC30B1EADCE9600002F15 /* SimpleTwitterRedux.gif */ = {isa = PBXFileReference; lastKnownFileType = image.gif; path = SimpleTwitterRedux.gif; sourceTree = "<group>"; };
		D852EB7214F6460B9B15039B /* Pods-SimpleTwitter.debug.xcconfig */ = {isa = PBXFileReference; includeInIndex = 1; lastKnownFileType = text.xcconfig; name = "Pods-SimpleTwitter.debug.xcconfig"; path = "Pods/Target Support Files/Pods-SimpleTwitter/Pods-SimpleTwitter.debug.xcconfig"; sourceTree = "<group>"; };
/* End PBXFileReference section */

/* Begin PBXFrameworksBuildPhase section */
		CE5A96441E9D6F30005205F5 /* Frameworks */ = {
			isa = PBXFrameworksBuildPhase;
			buildActionMask = 2147483647;
			files = (
				CC2787BC7C7E372A5F29F894 /* Pods_SimpleTwitter.framework in Frameworks */,
			);
			runOnlyForDeploymentPostprocessing = 0;
		};
/* End PBXFrameworksBuildPhase section */

/* Begin PBXGroup section */
		A59EC73ADF2D80325D288B41 /* Frameworks */ = {
			isa = PBXGroup;
			children = (
				8E309FD2374CD7BD4F735381 /* Pods_SimpleTwitter.framework */,
			);
			name = Frameworks;
			sourceTree = "<group>";
		};
		C855CA21C4D05CABF62D8746 /* Pods */ = {
			isa = PBXGroup;
			children = (
				D852EB7214F6460B9B15039B /* Pods-SimpleTwitter.debug.xcconfig */,
				A2579ED4C0CB78D4184F2317 /* Pods-SimpleTwitter.release.xcconfig */,
			);
			name = Pods;
			sourceTree = "<group>";
		};
		CE5A963E1E9D6F30005205F5 = {
			isa = PBXGroup;
			children = (
				CEBFC27F1EA1952600002F15 /* README.md */,
				CEBFC2AB1EA493B600002F15 /* SimpleTwitter.gif */,
				CEBFC30B1EADCE9600002F15 /* SimpleTwitterRedux.gif */,
				CE5A96491E9D6F30005205F5 /* SimpleTwitter */,
				CE5A96481E9D6F30005205F5 /* Products */,
				C855CA21C4D05CABF62D8746 /* Pods */,
				A59EC73ADF2D80325D288B41 /* Frameworks */,
			);
			sourceTree = "<group>";
		};
		CE5A96481E9D6F30005205F5 /* Products */ = {
			isa = PBXGroup;
			children = (
				CE5A96471E9D6F30005205F5 /* SimpleTwitter.app */,
			);
			name = Products;
			sourceTree = "<group>";
		};
		CE5A96491E9D6F30005205F5 /* SimpleTwitter */ = {
			isa = PBXGroup;
			children = (
				CE5A96861E9FF103005205F5 /* API */,
				CE5A96811E9FE1B4005205F5 /* Model */,
				CE5A968B1EA00ECF005205F5 /* View */,
				CE5A965E1E9D7001005205F5 /* View Controller */,
				CE5A964A1E9D6F30005205F5 /* AppDelegate.swift */,
				CE5A964E1E9D6F30005205F5 /* Main.storyboard */,
				CE5A96511E9D6F30005205F5 /* Assets.xcassets */,
				CE5A96531E9D6F30005205F5 /* LaunchScreen.storyboard */,
				CE5A96561E9D6F30005205F5 /* Info.plist */,
			);
			path = SimpleTwitter;
			sourceTree = "<group>";
		};
		CE5A965E1E9D7001005205F5 /* View Controller */ = {
			isa = PBXGroup;
			children = (
				CEBFC2D71EA7E75B00002F15 /* MenuViewController.swift */,
				CEBFC2D51EA7E6EA00002F15 /* HamburgerViewController.swift */,
				CEBFC2D91EA7FCAF00002F15 /* ProfileViewController.swift */,
				CEBFC2DB1EA8021600002F15 /* MentionsViewController.swift */,
				CEBFC2DD1EA8021E00002F15 /* AccountsViewController.swift */,
				CE5A96891EA00BBE005205F5 /* TweetsViewController.swift */,
				CEBFC2A71EA349BF00002F15 /* ReplyViewController.swift */,
				CE5A965C1E9D6FF2005205F5 /* LoginViewController.swift */,
				CEBFC2811EA19B9600002F15 /* OneTweetViewController.swift */,
				CEBFC2A51EA1E9CF00002F15 /* NewTweetViewController.swift */,
			);
			name = "View Controller";
			sourceTree = "<group>";
		};
		CE5A96811E9FE1B4005205F5 /* Model */ = {
			isa = PBXGroup;
			children = (
				CE5A96821E9FE1D1005205F5 /* User.swift */,
				CE5A96841E9FEB8F005205F5 /* Tweet.swift */,
			);
			name = Model;
			sourceTree = "<group>";
		};
		CE5A96861E9FF103005205F5 /* API */ = {
			isa = PBXGroup;
			children = (
				CE5A96871E9FF122005205F5 /* TwitterClient.swift */,
			);
			name = API;
			sourceTree = "<group>";
		};
		CE5A968B1EA00ECF005205F5 /* View */ = {
			isa = PBXGroup;
			children = (
				CEBFC3031EA953A800002F15 /* ProfileTableViewCell.swift */,
				CEBFC2FD1EA91DC600002F15 /* MenuTableViewCell.swift */,
				CE5A968C1EA00EFE005205F5 /* TweetTableViewCell.swift */,
				CEBFC2A31EA1DE7600002F15 /* OneTweetTableViewCell.swift */,
				CEBFC2FF1EA94E3800002F15 /* BaseTweetTableViewCell.swift */,
				CEBFC3001EA94E3800002F15 /* BaseTweetTableViewCell.xib */,
				CEBFC3071EAC681D00002F15 /* AccountTableViewCell.swift */,
			);
			name = View;
			sourceTree = "<group>";
		};
/* End PBXGroup section */

/* Begin PBXNativeTarget section */
		CE5A96461E9D6F30005205F5 /* SimpleTwitter */ = {
			isa = PBXNativeTarget;
			buildConfigurationList = CE5A96591E9D6F30005205F5 /* Build configuration list for PBXNativeTarget "SimpleTwitter" */;
			buildPhases = (
				A6B0F0AF52A74C2A9E367976 /* [CP] Check Pods Manifest.lock */,
				CE5A96431E9D6F30005205F5 /* Sources */,
				CE5A96441E9D6F30005205F5 /* Frameworks */,
				CE5A96451E9D6F30005205F5 /* Resources */,
				02D1AF5919EE6E05601B998E /* [CP] Embed Pods Frameworks */,
				A92B53027FA85C5C77E36C44 /* [CP] Copy Pods Resources */,
			);
			buildRules = (
			);
			dependencies = (
			);
			name = SimpleTwitter;
			productName = SimpleTwitter;
			productReference = CE5A96471E9D6F30005205F5 /* SimpleTwitter.app */;
			productType = "com.apple.product-type.application";
		};
/* End PBXNativeTarget section */

/* Begin PBXProject section */
		CE5A963F1E9D6F30005205F5 /* Project object */ = {
			isa = PBXProject;
			attributes = {
				LastSwiftUpdateCheck = 0820;
				LastUpgradeCheck = 0820;
				ORGANIZATIONNAME = CodePath;
				TargetAttributes = {
					CE5A96461E9D6F30005205F5 = {
						CreatedOnToolsVersion = 8.2.1;
						ProvisioningStyle = Automatic;
					};
				};
			};
			buildConfigurationList = CE5A96421E9D6F30005205F5 /* Build configuration list for PBXProject "SimpleTwitter" */;
			compatibilityVersion = "Xcode 3.2";
			developmentRegion = English;
			hasScannedForEncodings = 0;
			knownRegions = (
				en,
				Base,
			);
			mainGroup = CE5A963E1E9D6F30005205F5;
			productRefGroup = CE5A96481E9D6F30005205F5 /* Products */;
			projectDirPath = "";
			projectRoot = "";
			targets = (
				CE5A96461E9D6F30005205F5 /* SimpleTwitter */,
			);
		};
/* End PBXProject section */

/* Begin PBXResourcesBuildPhase section */
		CE5A96451E9D6F30005205F5 /* Resources */ = {
			isa = PBXResourcesBuildPhase;
			buildActionMask = 2147483647;
			files = (
				CE5A96551E9D6F30005205F5 /* LaunchScreen.storyboard in Resources */,
				CEBFC3021EA94E3800002F15 /* BaseTweetTableViewCell.xib in Resources */,
				CEBFC30C1EADCE9600002F15 /* SimpleTwitterRedux.gif in Resources */,
				CE5A96521E9D6F30005205F5 /* Assets.xcassets in Resources */,
				CEBFC2AC1EA493B600002F15 /* SimpleTwitter.gif in Resources */,
				CE5A96501E9D6F30005205F5 /* Main.storyboard in Resources */,
			);
			runOnlyForDeploymentPostprocessing = 0;
		};
/* End PBXResourcesBuildPhase section */

/* Begin PBXShellScriptBuildPhase section */
		02D1AF5919EE6E05601B998E /* [CP] Embed Pods Frameworks */ = {
			isa = PBXShellScriptBuildPhase;
			buildActionMask = 2147483647;
			files = (
			);
			inputPaths = (
			);
			name = "[CP] Embed Pods Frameworks";
			outputPaths = (
			);
			runOnlyForDeploymentPostprocessing = 0;
			shellPath = /bin/sh;
			shellScript = "\"${SRCROOT}/Pods/Target Support Files/Pods-SimpleTwitter/Pods-SimpleTwitter-frameworks.sh\"\n";
			showEnvVarsInLog = 0;
		};
		A6B0F0AF52A74C2A9E367976 /* [CP] Check Pods Manifest.lock */ = {
			isa = PBXShellScriptBuildPhase;
			buildActionMask = 2147483647;
			files = (
			);
			inputPaths = (
			);
			name = "[CP] Check Pods Manifest.lock";
			outputPaths = (
			);
			runOnlyForDeploymentPostprocessing = 0;
			shellPath = /bin/sh;
			shellScript = "diff \"${PODS_ROOT}/../Podfile.lock\" \"${PODS_ROOT}/Manifest.lock\" > /dev/null\nif [[ $? != 0 ]] ; then\n    cat << EOM\nerror: The sandbox is not in sync with the Podfile.lock. Run 'pod install' or update your CocoaPods installation.\nEOM\n    exit 1\nfi\n";
			showEnvVarsInLog = 0;
		};
		A92B53027FA85C5C77E36C44 /* [CP] Copy Pods Resources */ = {
			isa = PBXShellScriptBuildPhase;
			buildActionMask = 2147483647;
			files = (
			);
			inputPaths = (
			);
			name = "[CP] Copy Pods Resources";
			outputPaths = (
			);
			runOnlyForDeploymentPostprocessing = 0;
			shellPath = /bin/sh;
			shellScript = "\"${SRCROOT}/Pods/Target Support Files/Pods-SimpleTwitter/Pods-SimpleTwitter-resources.sh\"\n";
			showEnvVarsInLog = 0;
		};
/* End PBXShellScriptBuildPhase section */

/* Begin PBXSourcesBuildPhase section */
		CE5A96431E9D6F30005205F5 /* Sources */ = {
			isa = PBXSourcesBuildPhase;
			buildActionMask = 2147483647;
			files = (
				CEBFC2821EA19B9600002F15 /* OneTweetViewController.swift in Sources */,
				CE5A96831E9FE1D1005205F5 /* User.swift in Sources */,
				CEBFC2D61EA7E6EA00002F15 /* HamburgerViewController.swift in Sources */,
				CEBFC2DE1EA8021E00002F15 /* AccountsViewController.swift in Sources */,
				CEBFC2DC1EA8021600002F15 /* MentionsViewController.swift in Sources */,
				CEBFC2D81EA7E75B00002F15 /* MenuViewController.swift in Sources */,
				CEBFC2A41EA1DE7600002F15 /* OneTweetTableViewCell.swift in Sources */,
				CEBFC3011EA94E3800002F15 /* BaseTweetTableViewCell.swift in Sources */,
				CE5A96851E9FEB8F005205F5 /* Tweet.swift in Sources */,
				CE5A968A1EA00BBE005205F5 /* TweetsViewController.swift in Sources */,
				CE5A965D1E9D6FF2005205F5 /* LoginViewController.swift in Sources */,
				CE5A96881E9FF122005205F5 /* TwitterClient.swift in Sources */,
				CEBFC2A81EA349BF00002F15 /* ReplyViewController.swift in Sources */,
				CEBFC3041EA953A800002F15 /* ProfileTableViewCell.swift in Sources */,
				CEBFC2A61EA1E9CF00002F15 /* NewTweetViewController.swift in Sources */,
				CE5A964B1E9D6F30005205F5 /* AppDelegate.swift in Sources */,
				CEBFC2FE1EA91DC600002F15 /* MenuTableViewCell.swift in Sources */,
				CEBFC2DA1EA7FCAF00002F15 /* ProfileViewController.swift in Sources */,
				CEBFC3081EAC681D00002F15 /* AccountTableViewCell.swift in Sources */,
				CEBFC2801EA1952600002F15 /* README.md in Sources */,
				CE5A968D1EA00EFE005205F5 /* TweetTableViewCell.swift in Sources */,
			);
			runOnlyForDeploymentPostprocessing = 0;
		};
/* End PBXSourcesBuildPhase section */

/* Begin PBXVariantGroup section */
		CE5A964E1E9D6F30005205F5 /* Main.storyboard */ = {
			isa = PBXVariantGroup;
			children = (
				CE5A964F1E9D6F30005205F5 /* Base */,
			);
			name = Main.storyboard;
			sourceTree = "<group>";
		};
		CE5A96531E9D6F30005205F5 /* LaunchScreen.storyboard */ = {
			isa = PBXVariantGroup;
			children = (
				CE5A96541E9D6F30005205F5 /* Base */,
			);
			name = LaunchScreen.storyboard;
			sourceTree = "<group>";
		};
/* End PBXVariantGroup section */

/* Begin XCBuildConfiguration section */
		CE5A96571E9D6F30005205F5 /* Debug */ = {
			isa = XCBuildConfiguration;
			buildSettings = {
				ALWAYS_SEARCH_USER_PATHS = NO;
				CLANG_ANALYZER_NONNULL = YES;
				CLANG_CXX_LANGUAGE_STANDARD = "gnu++0x";
				CLANG_CXX_LIBRARY = "libc++";
				CLANG_ENABLE_MODULES = YES;
				CLANG_ENABLE_OBJC_ARC = YES;
				CLANG_WARN_BOOL_CONVERSION = YES;
				CLANG_WARN_CONSTANT_CONVERSION = YES;
				CLANG_WARN_DIRECT_OBJC_ISA_USAGE = YES_ERROR;
				CLANG_WARN_DOCUMENTATION_COMMENTS = YES;
				CLANG_WARN_EMPTY_BODY = YES;
				CLANG_WARN_ENUM_CONVERSION = YES;
				CLANG_WARN_INFINITE_RECURSION = YES;
				CLANG_WARN_INT_CONVERSION = YES;
				CLANG_WARN_OBJC_ROOT_CLASS = YES_ERROR;
				CLANG_WARN_SUSPICIOUS_MOVE = YES;
				CLANG_WARN_UNREACHABLE_CODE = YES;
				CLANG_WARN__DUPLICATE_METHOD_MATCH = YES;
				"CODE_SIGN_IDENTITY[sdk=iphoneos*]" = "iPhone Developer";
				COPY_PHASE_STRIP = NO;
				DEBUG_INFORMATION_FORMAT = dwarf;
				ENABLE_STRICT_OBJC_MSGSEND = YES;
				ENABLE_TESTABILITY = YES;
				GCC_C_LANGUAGE_STANDARD = gnu99;
				GCC_DYNAMIC_NO_PIC = NO;
				GCC_NO_COMMON_BLOCKS = YES;
				GCC_OPTIMIZATION_LEVEL = 0;
				GCC_PREPROCESSOR_DEFINITIONS = (
					"DEBUG=1",
					"$(inherited)",
				);
				GCC_WARN_64_TO_32_BIT_CONVERSION = YES;
				GCC_WARN_ABOUT_RETURN_TYPE = YES_ERROR;
				GCC_WARN_UNDECLARED_SELECTOR = YES;
				GCC_WARN_UNINITIALIZED_AUTOS = YES_AGGRESSIVE;
				GCC_WARN_UNUSED_FUNCTION = YES;
				GCC_WARN_UNUSED_VARIABLE = YES;
				IPHONEOS_DEPLOYMENT_TARGET = 10.2;
				MTL_ENABLE_DEBUG_INFO = YES;
				ONLY_ACTIVE_ARCH = YES;
				SDKROOT = iphoneos;
				SWIFT_ACTIVE_COMPILATION_CONDITIONS = DEBUG;
				SWIFT_OPTIMIZATION_LEVEL = "-Onone";
			};
			name = Debug;
		};
		CE5A96581E9D6F30005205F5 /* Release */ = {
			isa = XCBuildConfiguration;
			buildSettings = {
				ALWAYS_SEARCH_USER_PATHS = NO;
				CLANG_ANALYZER_NONNULL = YES;
				CLANG_CXX_LANGUAGE_STANDARD = "gnu++0x";
				CLANG_CXX_LIBRARY = "libc++";
				CLANG_ENABLE_MODULES = YES;
				CLANG_ENABLE_OBJC_ARC = YES;
				CLANG_WARN_BOOL_CONVERSION = YES;
				CLANG_WARN_CONSTANT_CONVERSION = YES;
				CLANG_WARN_DIRECT_OBJC_ISA_USAGE = YES_ERROR;
				CLANG_WARN_DOCUMENTATION_COMMENTS = YES;
				CLANG_WARN_EMPTY_BODY = YES;
				CLANG_WARN_ENUM_CONVERSION = YES;
				CLANG_WARN_INFINITE_RECURSION = YES;
				CLANG_WARN_INT_CONVERSION = YES;
				CLANG_WARN_OBJC_ROOT_CLASS = YES_ERROR;
				CLANG_WARN_SUSPICIOUS_MOVE = YES;
				CLANG_WARN_UNREACHABLE_CODE = YES;
				CLANG_WARN__DUPLICATE_METHOD_MATCH = YES;
				"CODE_SIGN_IDENTITY[sdk=iphoneos*]" = "iPhone Developer";
				COPY_PHASE_STRIP = NO;
				DEBUG_INFORMATION_FORMAT = "dwarf-with-dsym";
				ENABLE_NS_ASSERTIONS = NO;
				ENABLE_STRICT_OBJC_MSGSEND = YES;
				GCC_C_LANGUAGE_STANDARD = gnu99;
				GCC_NO_COMMON_BLOCKS = YES;
				GCC_WARN_64_TO_32_BIT_CONVERSION = YES;
				GCC_WARN_ABOUT_RETURN_TYPE = YES_ERROR;
				GCC_WARN_UNDECLARED_SELECTOR = YES;
				GCC_WARN_UNINITIALIZED_AUTOS = YES_AGGRESSIVE;
				GCC_WARN_UNUSED_FUNCTION = YES;
				GCC_WARN_UNUSED_VARIABLE = YES;
				IPHONEOS_DEPLOYMENT_TARGET = 10.2;
				MTL_ENABLE_DEBUG_INFO = NO;
				SDKROOT = iphoneos;
				SWIFT_OPTIMIZATION_LEVEL = "-Owholemodule";
				VALIDATE_PRODUCT = YES;
			};
			name = Release;
		};
		CE5A965A1E9D6F30005205F5 /* Debug */ = {
			isa = XCBuildConfiguration;
			baseConfigurationReference = D852EB7214F6460B9B15039B /* Pods-SimpleTwitter.debug.xcconfig */;
			buildSettings = {
				ASSETCATALOG_COMPILER_APPICON_NAME = AppIcon;
				INFOPLIST_FILE = SimpleTwitter/Info.plist;
				LD_RUNPATH_SEARCH_PATHS = "$(inherited) @executable_path/Frameworks";
				PRODUCT_BUNDLE_IDENTIFIER = com.codePath.SimpleTwitter;
				PRODUCT_NAME = "$(TARGET_NAME)";
				SWIFT_VERSION = 3.0;
			};
			name = Debug;
		};
		CE5A965B1E9D6F30005205F5 /* Release */ = {
			isa = XCBuildConfiguration;
			baseConfigurationReference = A2579ED4C0CB78D4184F2317 /* Pods-SimpleTwitter.release.xcconfig */;
			buildSettings = {
				ASSETCATALOG_COMPILER_APPICON_NAME = AppIcon;
				INFOPLIST_FILE = SimpleTwitter/Info.plist;
				LD_RUNPATH_SEARCH_PATHS = "$(inherited) @executable_path/Frameworks";
				PRODUCT_BUNDLE_IDENTIFIER = com.codePath.SimpleTwitter;
				PRODUCT_NAME = "$(TARGET_NAME)";
				SWIFT_VERSION = 3.0;
			};
			name = Release;
		};
/* End XCBuildConfiguration section */

/* Begin XCConfigurationList section */
		CE5A96421E9D6F30005205F5 /* Build configuration list for PBXProject "SimpleTwitter" */ = {
			isa = XCConfigurationList;
			buildConfigurations = (
				CE5A96571E9D6F30005205F5 /* Debug */,
				CE5A96581E9D6F30005205F5 /* Release */,
			);
			defaultConfigurationIsVisible = 0;
			defaultConfigurationName = Release;
		};
		CE5A96591E9D6F30005205F5 /* Build configuration list for PBXNativeTarget "SimpleTwitter" */ = {
			isa = XCConfigurationList;
			buildConfigurations = (
				CE5A965A1E9D6F30005205F5 /* Debug */,
				CE5A965B1E9D6F30005205F5 /* Release */,
			);
			defaultConfigurationIsVisible = 0;
			defaultConfigurationName = Release;
		};
/* End XCConfigurationList section */
	};
	rootObject = CE5A963F1E9D6F30005205F5 /* Project object */;
}
